
Microsoft Visual Studio Solution File, Format Version 12.00
# Visual Studio Version 17
VisualStudioVersion = 17.14.36429.23 d17.14
MinimumVisualStudioVersion = 10.0.40219.1
Project("{FAE04EC0-301F-11D3-BF4B-00C04F79EFBC}") = "Es. 4_4", "Es. 4_4\Es. 4_4.csproj", "{3B48FE95-7A88-4746-8641-921ED3DA0876}"
EndProject
Project("{FAE04EC0-301F-11D3-BF4B-00C04F79EFBC}") = "LibraryN4_4", "LibraryN4_4\LibraryN4_4.csproj", "{668DA198-90F8-47A2-BDB1-0C52E1F03704}"
EndProject
Global
	GlobalSection(SolutionConfigurationPlatforms) = preSolution
		Debug|Any CPU = Debug|Any CPU
		Release|Any CPU = Release|Any CPU
	EndGlobalSection
	GlobalSection(ProjectConfigurationPlatforms) = postSolution
		{3B48FE95-7A88-4746-8641-921ED3DA0876}.Debug|Any CPU.ActiveCfg = Debug|Any CPU
		{3B48FE95-7A88-4746-8641-921ED3DA0876}.Debug|Any CPU.Build.0 = Debug|Any CPU
		{3B48FE95-7A88-4746-8641-921ED3DA0876}.Release|Any CPU.ActiveCfg = Release|Any CPU
		{3B48FE95-7A88-4746-8641-921ED3DA0876}.Release|Any CPU.Build.0 = Release|Any CPU
		{668DA198-90F8-47A2-BDB1-0C52E1F03704}.Debug|Any CPU.ActiveCfg = Debug|Any CPU
		{668DA198-90F8-47A2-BDB1-0C52E1F03704}.Debug|Any CPU.Build.0 = Debug|Any CPU
		{668DA198-90F8-47A2-BDB1-0C52E1F03704}.Release|Any CPU.ActiveCfg = Release|Any CPU
		{668DA198-90F8-47A2-BDB1-0C52E1F03704}.Release|Any CPU.Build.0 = Release|Any CPU
	EndGlobalSection
	GlobalSection(SolutionProperties) = preSolution
		HideSolutionNode = FALSE
	EndGlobalSection
	GlobalSection(ExtensibilityGlobals) = postSolution
		SolutionGuid = {1B8DF495-EAAF-4C5B-89CB-C3F1D7D1535C}
	EndGlobalSection
EndGlobal
